
Microsoft Visual Studio Solution File, Format Version 12.00
# Visual Studio Version 17
VisualStudioVersion = 17.10.35004.147
MinimumVisualStudioVersion = 10.0.40219.1
Project("{9A19103F-16F7-4668-BE54-9A1E7A4F7556}") = "myRPGconsole", "MyRPGConsoleTESTE\myRPGconsole.csproj", "{678398A6-4955-48F6-BB62-177014FCB66C}"
EndProject
Global
	GlobalSection(SolutionConfigurationPlatforms) = preSolution
		Debug|Any CPU = Debug|Any CPU
		Release|Any CPU = Release|Any CPU
	EndGlobalSection
	GlobalSection(ProjectConfigurationPlatforms) = postSolution
		{678398A6-4955-48F6-BB62-177014FCB66C}.Debug|Any CPU.ActiveCfg = Debug|Any CPU
		{678398A6-4955-48F6-BB62-177014FCB66C}.Debug|Any CPU.Build.0 = Debug|Any CPU
		{678398A6-4955-48F6-BB62-177014FCB66C}.Release|Any CPU.ActiveCfg = Release|Any CPU
		{678398A6-4955-48F6-BB62-177014FCB66C}.Release|Any CPU.Build.0 = Release|Any CPU
	EndGlobalSection
	GlobalSection(SolutionProperties) = preSolution
		HideSolutionNode = FALSE
	EndGlobalSection
	GlobalSection(ExtensibilityGlobals) = postSolution
		SolutionGuid = {5CA59742-8075-48EB-AB33-DF92DDB61DF6}
	EndGlobalSection
EndGlobal
